
Microsoft Visual Studio Solution File, Format Version 12.00
# Visual Studio 14
VisualStudioVersion = 14.0.25123.0
MinimumVisualStudioVersion = 10.0.40219.1
Project("{FAE04EC0-301F-11D3-BF4B-00C04F79EFBC}") = "BienvenidosUY_2", "BienvenidosUY_2\BienvenidosUY_2.csproj", "{F89D7B0C-B9C0-4D61-83B6-CE34C6704BB4}"
EndProject
Global
	GlobalSection(SolutionConfigurationPlatforms) = preSolution
		Debug|Any CPU = Debug|Any CPU
		Release|Any CPU = Release|Any CPU
	EndGlobalSection
	GlobalSection(ProjectConfigurationPlatforms) = postSolution
		{F89D7B0C-B9C0-4D61-83B6-CE34C6704BB4}.Debug|Any CPU.ActiveCfg = Debug|Any CPU
		{F89D7B0C-B9C0-4D61-83B6-CE34C6704BB4}.Debug|Any CPU.Build.0 = Debug|Any CPU
		{F89D7B0C-B9C0-4D61-83B6-CE34C6704BB4}.Release|Any CPU.ActiveCfg = Release|Any CPU
		{F89D7B0C-B9C0-4D61-83B6-CE34C6704BB4}.Release|Any CPU.Build.0 = Release|Any CPU
	EndGlobalSection
	GlobalSection(SolutionProperties) = preSolution
		HideSolutionNode = FALSE
	EndGlobalSection
EndGlobal
